
Microsoft Visual Studio Solution File, Format Version 12.00
# Visual Studio Version 16
VisualStudioVersion = 16.0.31729.503
MinimumVisualStudioVersion = 10.0.40219.1
Project("{2150E333-8FDC-42A3-9474-1A3956D46DE8}") = "Létrehozási minták", "Létrehozási minták", "{24F85267-D8ED-462A-A46D-4F60FB938DC7}"
EndProject
Project("{9A19103F-16F7-4668-BE54-9A1E7A4F7556}") = "Egyke", "Egyke\Egyke.csproj", "{553F54F9-9BB6-43D7-9702-DF226E668A5A}"
EndProject
Project("{9A19103F-16F7-4668-BE54-9A1E7A4F7556}") = "SimpleFactory", "SimpleFactory\SimpleFactory.csproj", "{6F088290-544C-424A-AFBB-F1EE05118DFF}"
EndProject
Project("{2150E333-8FDC-42A3-9474-1A3956D46DE8}") = "DependencyInjection", "DependencyInjection", "{569F70BC-DA0E-478D-A353-A373A6DB468C}"
EndProject
Project("{9A19103F-16F7-4668-BE54-9A1E7A4F7556}") = "ConstructorInjection", "ConstructorInjection\ConstructorInjection.csproj", "{08B6E019-1D8F-4236-982F-C1D7ED1D4CB5}"
EndProject
Project("{9A19103F-16F7-4668-BE54-9A1E7A4F7556}") = "MethodInjection", "MethodInjection\MethodInjection.csproj", "{18F9C859-B9C7-4EE7-85ED-C1C9A00E12C4}"
EndProject
Project("{9A19103F-16F7-4668-BE54-9A1E7A4F7556}") = "PropertyInjection", "PropertyInjection\PropertyInjection.csproj", "{A925C5A0-C062-4A59-90A8-6637DC1A5B51}"
EndProject
Project("{2150E333-8FDC-42A3-9474-1A3956D46DE8}") = "Szerkezeti minták", "Szerkezeti minták", "{3DA30481-D3B8-40BA-B5A8-30B3973C39AA}"
EndProject
Project("{2150E333-8FDC-42A3-9474-1A3956D46DE8}") = "Viselkedési minták", "Viselkedési minták", "{7FACBECB-9BD6-4845-AE63-32F802D737BB}"
EndProject
Project("{9A19103F-16F7-4668-BE54-9A1E7A4F7556}") = "Decorator", "Decorator\Decorator.csproj", "{0BC88C82-DE36-407E-8166-8FA9C5CFBDF5}"
EndProject
Project("{2150E333-8FDC-42A3-9474-1A3956D46DE8}") = "Proxy", "Proxy", "{6531490A-DE09-4E44-87D9-20C517CB8835}"
EndProject
Project("{FAE04EC0-301F-11D3-BF4B-00C04F79EFBC}") = "Kliens", "Kliens\Kliens.csproj", "{4E4D80B6-072B-4CFD-8C80-9FD686FD330E}"
EndProject
Project("{FAE04EC0-301F-11D3-BF4B-00C04F79EFBC}") = "Szerver", "Szerver\Szerver.csproj", "{A32B50F8-893F-4E5B-9BD5-769D2A0EB0F2}"
EndProject
Project("{FAE04EC0-301F-11D3-BF4B-00C04F79EFBC}") = "Bridge", "Bridge\Bridge.csproj", "{F362ECD5-D556-4125-A1C4-CDB9B7D29466}"
EndProject
Project("{2150E333-8FDC-42A3-9474-1A3956D46DE8}") = "Adapter", "Adapter", "{C08F8681-E50D-4CD7-80EC-26DB916D0CAC}"
EndProject
Project("{FAE04EC0-301F-11D3-BF4B-00C04F79EFBC}") = "AdapterÖröklődéssel", "AdapterÖröklődéssel\AdapterÖröklődéssel.csproj", "{5A8DAE88-62FB-4CD5-A201-DB2E41BFDEE8}"
EndProject
Project("{FAE04EC0-301F-11D3-BF4B-00C04F79EFBC}") = "AdapterBeágyazással", "AdapterBeágyazással\AdapterBeágyazással.csproj", "{DA408A19-52B0-43E3-B75D-92BD057A2308}"
EndProject
Project("{FAE04EC0-301F-11D3-BF4B-00C04F79EFBC}") = "AdapterKiegészítéssel", "AdapterKiegészítéssel\AdapterKiegészítéssel.csproj", "{D5186FEA-DBBB-4E1A-816A-FA331725AA51}"
EndProject
Project("{FAE04EC0-301F-11D3-BF4B-00C04F79EFBC}") = "AdapterBővítőMetódussal", "AdapterBővítőMetódussal\AdapterBővítőMetódussal.csproj", "{423BEFBA-12C4-4233-8EB9-52D64101F917}"
EndProject
Global
	GlobalSection(SolutionConfigurationPlatforms) = preSolution
		Debug|Any CPU = Debug|Any CPU
		Release|Any CPU = Release|Any CPU
	EndGlobalSection
	GlobalSection(ProjectConfigurationPlatforms) = postSolution
		{553F54F9-9BB6-43D7-9702-DF226E668A5A}.Debug|Any CPU.ActiveCfg = Debug|Any CPU
		{553F54F9-9BB6-43D7-9702-DF226E668A5A}.Debug|Any CPU.Build.0 = Debug|Any CPU
		{553F54F9-9BB6-43D7-9702-DF226E668A5A}.Release|Any CPU.ActiveCfg = Release|Any CPU
		{553F54F9-9BB6-43D7-9702-DF226E668A5A}.Release|Any CPU.Build.0 = Release|Any CPU
		{6F088290-544C-424A-AFBB-F1EE05118DFF}.Debug|Any CPU.ActiveCfg = Debug|Any CPU
		{6F088290-544C-424A-AFBB-F1EE05118DFF}.Debug|Any CPU.Build.0 = Debug|Any CPU
		{6F088290-544C-424A-AFBB-F1EE05118DFF}.Release|Any CPU.ActiveCfg = Release|Any CPU
		{6F088290-544C-424A-AFBB-F1EE05118DFF}.Release|Any CPU.Build.0 = Release|Any CPU
		{08B6E019-1D8F-4236-982F-C1D7ED1D4CB5}.Debug|Any CPU.ActiveCfg = Debug|Any CPU
		{08B6E019-1D8F-4236-982F-C1D7ED1D4CB5}.Debug|Any CPU.Build.0 = Debug|Any CPU
		{08B6E019-1D8F-4236-982F-C1D7ED1D4CB5}.Release|Any CPU.ActiveCfg = Release|Any CPU
		{08B6E019-1D8F-4236-982F-C1D7ED1D4CB5}.Release|Any CPU.Build.0 = Release|Any CPU
		{18F9C859-B9C7-4EE7-85ED-C1C9A00E12C4}.Debug|Any CPU.ActiveCfg = Debug|Any CPU
		{18F9C859-B9C7-4EE7-85ED-C1C9A00E12C4}.Debug|Any CPU.Build.0 = Debug|Any CPU
		{18F9C859-B9C7-4EE7-85ED-C1C9A00E12C4}.Release|Any CPU.ActiveCfg = Release|Any CPU
		{18F9C859-B9C7-4EE7-85ED-C1C9A00E12C4}.Release|Any CPU.Build.0 = Release|Any CPU
		{A925C5A0-C062-4A59-90A8-6637DC1A5B51}.Debug|Any CPU.ActiveCfg = Debug|Any CPU
		{A925C5A0-C062-4A59-90A8-6637DC1A5B51}.Debug|Any CPU.Build.0 = Debug|Any CPU
		{A925C5A0-C062-4A59-90A8-6637DC1A5B51}.Release|Any CPU.ActiveCfg = Release|Any CPU
		{A925C5A0-C062-4A59-90A8-6637DC1A5B51}.Release|Any CPU.Build.0 = Release|Any CPU
		{0BC88C82-DE36-407E-8166-8FA9C5CFBDF5}.Debug|Any CPU.ActiveCfg = Debug|Any CPU
		{0BC88C82-DE36-407E-8166-8FA9C5CFBDF5}.Debug|Any CPU.Build.0 = Debug|Any CPU
		{0BC88C82-DE36-407E-8166-8FA9C5CFBDF5}.Release|Any CPU.ActiveCfg = Release|Any CPU
		{0BC88C82-DE36-407E-8166-8FA9C5CFBDF5}.Release|Any CPU.Build.0 = Release|Any CPU
		{4E4D80B6-072B-4CFD-8C80-9FD686FD330E}.Debug|Any CPU.ActiveCfg = Debug|Any CPU
		{4E4D80B6-072B-4CFD-8C80-9FD686FD330E}.Debug|Any CPU.Build.0 = Debug|Any CPU
		{4E4D80B6-072B-4CFD-8C80-9FD686FD330E}.Release|Any CPU.ActiveCfg = Release|Any CPU
		{4E4D80B6-072B-4CFD-8C80-9FD686FD330E}.Release|Any CPU.Build.0 = Release|Any CPU
		{A32B50F8-893F-4E5B-9BD5-769D2A0EB0F2}.Debug|Any CPU.ActiveCfg = Debug|Any CPU
		{A32B50F8-893F-4E5B-9BD5-769D2A0EB0F2}.Debug|Any CPU.Build.0 = Debug|Any CPU
		{A32B50F8-893F-4E5B-9BD5-769D2A0EB0F2}.Release|Any CPU.ActiveCfg = Release|Any CPU
		{A32B50F8-893F-4E5B-9BD5-769D2A0EB0F2}.Release|Any CPU.Build.0 = Release|Any CPU
		{F362ECD5-D556-4125-A1C4-CDB9B7D29466}.Debug|Any CPU.ActiveCfg = Debug|Any CPU
		{F362ECD5-D556-4125-A1C4-CDB9B7D29466}.Debug|Any CPU.Build.0 = Debug|Any CPU
		{F362ECD5-D556-4125-A1C4-CDB9B7D29466}.Release|Any CPU.ActiveCfg = Release|Any CPU
		{F362ECD5-D556-4125-A1C4-CDB9B7D29466}.Release|Any CPU.Build.0 = Release|Any CPU
		{5A8DAE88-62FB-4CD5-A201-DB2E41BFDEE8}.Debug|Any CPU.ActiveCfg = Debug|Any CPU
		{5A8DAE88-62FB-4CD5-A201-DB2E41BFDEE8}.Debug|Any CPU.Build.0 = Debug|Any CPU
		{5A8DAE88-62FB-4CD5-A201-DB2E41BFDEE8}.Release|Any CPU.ActiveCfg = Release|Any CPU
		{5A8DAE88-62FB-4CD5-A201-DB2E41BFDEE8}.Release|Any CPU.Build.0 = Release|Any CPU
		{DA408A19-52B0-43E3-B75D-92BD057A2308}.Debug|Any CPU.ActiveCfg = Debug|Any CPU
		{DA408A19-52B0-43E3-B75D-92BD057A2308}.Debug|Any CPU.Build.0 = Debug|Any CPU
		{DA408A19-52B0-43E3-B75D-92BD057A2308}.Release|Any CPU.ActiveCfg = Release|Any CPU
		{DA408A19-52B0-43E3-B75D-92BD057A2308}.Release|Any CPU.Build.0 = Release|Any CPU
		{D5186FEA-DBBB-4E1A-816A-FA331725AA51}.Debug|Any CPU.ActiveCfg = Debug|Any CPU
		{D5186FEA-DBBB-4E1A-816A-FA331725AA51}.Debug|Any CPU.Build.0 = Debug|Any CPU
		{D5186FEA-DBBB-4E1A-816A-FA331725AA51}.Release|Any CPU.ActiveCfg = Release|Any CPU
		{D5186FEA-DBBB-4E1A-816A-FA331725AA51}.Release|Any CPU.Build.0 = Release|Any CPU
		{423BEFBA-12C4-4233-8EB9-52D64101F917}.Debug|Any CPU.ActiveCfg = Debug|Any CPU
		{423BEFBA-12C4-4233-8EB9-52D64101F917}.Debug|Any CPU.Build.0 = Debug|Any CPU
		{423BEFBA-12C4-4233-8EB9-52D64101F917}.Release|Any CPU.ActiveCfg = Release|Any CPU
		{423BEFBA-12C4-4233-8EB9-52D64101F917}.Release|Any CPU.Build.0 = Release|Any CPU
	EndGlobalSection
	GlobalSection(SolutionProperties) = preSolution
		HideSolutionNode = FALSE
	EndGlobalSection
	GlobalSection(NestedProjects) = preSolution
		{553F54F9-9BB6-43D7-9702-DF226E668A5A} = {24F85267-D8ED-462A-A46D-4F60FB938DC7}
		{6F088290-544C-424A-AFBB-F1EE05118DFF} = {24F85267-D8ED-462A-A46D-4F60FB938DC7}
		{569F70BC-DA0E-478D-A353-A373A6DB468C} = {24F85267-D8ED-462A-A46D-4F60FB938DC7}
		{08B6E019-1D8F-4236-982F-C1D7ED1D4CB5} = {569F70BC-DA0E-478D-A353-A373A6DB468C}
		{18F9C859-B9C7-4EE7-85ED-C1C9A00E12C4} = {569F70BC-DA0E-478D-A353-A373A6DB468C}
		{A925C5A0-C062-4A59-90A8-6637DC1A5B51} = {569F70BC-DA0E-478D-A353-A373A6DB468C}
		{0BC88C82-DE36-407E-8166-8FA9C5CFBDF5} = {3DA30481-D3B8-40BA-B5A8-30B3973C39AA}
		{6531490A-DE09-4E44-87D9-20C517CB8835} = {3DA30481-D3B8-40BA-B5A8-30B3973C39AA}
		{4E4D80B6-072B-4CFD-8C80-9FD686FD330E} = {6531490A-DE09-4E44-87D9-20C517CB8835}
		{A32B50F8-893F-4E5B-9BD5-769D2A0EB0F2} = {6531490A-DE09-4E44-87D9-20C517CB8835}
		{F362ECD5-D556-4125-A1C4-CDB9B7D29466} = {3DA30481-D3B8-40BA-B5A8-30B3973C39AA}
		{C08F8681-E50D-4CD7-80EC-26DB916D0CAC} = {3DA30481-D3B8-40BA-B5A8-30B3973C39AA}
		{5A8DAE88-62FB-4CD5-A201-DB2E41BFDEE8} = {C08F8681-E50D-4CD7-80EC-26DB916D0CAC}
		{DA408A19-52B0-43E3-B75D-92BD057A2308} = {C08F8681-E50D-4CD7-80EC-26DB916D0CAC}
		{D5186FEA-DBBB-4E1A-816A-FA331725AA51} = {C08F8681-E50D-4CD7-80EC-26DB916D0CAC}
		{423BEFBA-12C4-4233-8EB9-52D64101F917} = {C08F8681-E50D-4CD7-80EC-26DB916D0CAC}
	EndGlobalSection
	GlobalSection(ExtensibilityGlobals) = postSolution
		SolutionGuid = {9C14F359-7D32-4347-9C59-7AC1EB4F65DF}
	EndGlobalSection
EndGlobal
